# This file is automatically @generated by Cargo.
# It is not intended for manual editing.
version = 4

[[package]]
name = "fast-hilbert-compare"
version = "0.0.0"
dependencies = [
 "fast_hilbert",
]

[[package]]
name = "fast_hilbert"
version = "2.1.0"
source = "registry+https://github.com/rust-lang/crates.io-index"
checksum = "4f551b382f601850b4f57052d064d1c60dca971aeee4ccb40ac103b87f766640"
